// !$*UTF8*$!
{
	archiveVersion = 1;
	classes = {
	};
	objectVersion = 46;
	objects = {

/* Begin PBXBuildFile section */
		3EAE18271D6B641D008702BC /* AppDelegate.swift in Sources */ = {isa = PBXBuildFile; fileRef = 3EAE18261D6B641D008702BC /* AppDelegate.swift */; };
		3EAE182C1D6B641D008702BC /* Main.storyboard in Resources */ = {isa = PBXBuildFile; fileRef = 3EAE182A1D6B641D008702BC /* Main.storyboard */; };
		3EAE182E1D6B641D008702BC /* Assets.xcassets in Resources */ = {isa = PBXBuildFile; fileRef = 3EAE182D1D6B641D008702BC /* Assets.xcassets */; };
		3EAE18311D6B641D008702BC /* LaunchScreen.storyboard in Resources */ = {isa = PBXBuildFile; fileRef = 3EAE182F1D6B641D008702BC /* LaunchScreen.storyboard */; };
		3EAE183C1D6B641D008702BC /* TacoPOPTests.swift in Sources */ = {isa = PBXBuildFile; fileRef = 3EAE183B1D6B641D008702BC /* TacoPOPTests.swift */; };
		3EAE184D1D6B64B9008702BC /* MainVC.swift in Sources */ = {isa = PBXBuildFile; fileRef = 3EAE184C1D6B64B9008702BC /* MainVC.swift */; };
		3EAE184F1D6B6713008702BC /* DropShadow.swift in Sources */ = {isa = PBXBuildFile; fileRef = 3EAE184E1D6B6713008702BC /* DropShadow.swift */; };
		3EAE18511D6B67C4008702BC /* HeaderView.swift in Sources */ = {isa = PBXBuildFile; fileRef = 3EAE18501D6B67C4008702BC /* HeaderView.swift */; };
		3EAE18531D6B6962008702BC /* Taco.swift in Sources */ = {isa = PBXBuildFile; fileRef = 3EAE18521D6B6962008702BC /* Taco.swift */; };
		3EAE18551D6B6D47008702BC /* TacoPOPData.csv in Resources */ = {isa = PBXBuildFile; fileRef = 3EAE18541D6B6D47008702BC /* TacoPOPData.csv */; };
		3EAE18571D6B6D6B008702BC /* DataService.swift in Sources */ = {isa = PBXBuildFile; fileRef = 3EAE18561D6B6D6B008702BC /* DataService.swift */; };
		3EAE185C1D6B702A008702BC /* TacoCell.swift in Sources */ = {isa = PBXBuildFile; fileRef = 3EAE185A1D6B702A008702BC /* TacoCell.swift */; };
		3EAE185D1D6B702A008702BC /* TacoCell.xib in Resources */ = {isa = PBXBuildFile; fileRef = 3EAE185B1D6B702A008702BC /* TacoCell.xib */; };
		3EAE185F1D6B7657008702BC /* ReusableView.swift in Sources */ = {isa = PBXBuildFile; fileRef = 3EAE185E1D6B7657008702BC /* ReusableView.swift */; };
/* End PBXBuildFile section */

/* Begin PBXContainerItemProxy section */
		3EAE18381D6B641D008702BC /* PBXContainerItemProxy */ = {
			isa = PBXContainerItemProxy;
			containerPortal = 3EAE181B1D6B641C008702BC /* Project object */;
			proxyType = 1;
			remoteGlobalIDString = 3EAE18221D6B641D008702BC;
			remoteInfo = TacoPOP;
		};
/* End PBXContainerItemProxy section */

/* Begin PBXFileReference section */
		3EAE18231D6B641D008702BC /* TacoPOP.app */ = {isa = PBXFileReference; explicitFileType = wrapper.application; includeInIndex = 0; path = TacoPOP.app; sourceTree = BUILT_PRODUCTS_DIR; };
		3EAE18261D6B641D008702BC /* AppDelegate.swift */ = {isa = PBXFileReference; lastKnownFileType = sourcecode.swift; path = AppDelegate.swift; sourceTree = "<group>"; };
		3EAE182B1D6B641D008702BC /* Base */ = {isa = PBXFileReference; lastKnownFileType = file.storyboard; name = Base; path = Base.lproj/Main.storyboard; sourceTree = "<group>"; };
		3EAE182D1D6B641D008702BC /* Assets.xcassets */ = {isa = PBXFileReference; lastKnownFileType = folder.assetcatalog; path = Assets.xcassets; sourceTree = "<group>"; };
		3EAE18301D6B641D008702BC /* Base */ = {isa = PBXFileReference; lastKnownFileType = file.storyboard; name = Base; path = Base.lproj/LaunchScreen.storyboard; sourceTree = "<group>"; };
		3EAE18321D6B641D008702BC /* Info.plist */ = {isa = PBXFileReference; lastKnownFileType = text.plist.xml; path = Info.plist; sourceTree = "<group>"; };
		3EAE18371D6B641D008702BC /* TacoPOPTests.xctest */ = {isa = PBXFileReference; explicitFileType = wrapper.cfbundle; includeInIndex = 0; path = TacoPOPTests.xctest; sourceTree = BUILT_PRODUCTS_DIR; };
		3EAE183B1D6B641D008702BC /* TacoPOPTests.swift */ = {isa = PBXFileReference; lastKnownFileType = sourcecode.swift; path = TacoPOPTests.swift; sourceTree = "<group>"; };
		3EAE183D1D6B641D008702BC /* Info.plist */ = {isa = PBXFileReference; lastKnownFileType = text.plist.xml; path = Info.plist; sourceTree = "<group>"; };
		3EAE184C1D6B64B9008702BC /* MainVC.swift */ = {isa = PBXFileReference; fileEncoding = 4; lastKnownFileType = sourcecode.swift; path = MainVC.swift; sourceTree = "<group>"; };
		3EAE184E1D6B6713008702BC /* DropShadow.swift */ = {isa = PBXFileReference; fileEncoding = 4; lastKnownFileType = sourcecode.swift; path = DropShadow.swift; sourceTree = "<group>"; };
		3EAE18501D6B67C4008702BC /* HeaderView.swift */ = {isa = PBXFileReference; fileEncoding = 4; lastKnownFileType = sourcecode.swift; path = HeaderView.swift; sourceTree = "<group>"; };
		3EAE18521D6B6962008702BC /* Taco.swift */ = {isa = PBXFileReference; fileEncoding = 4; lastKnownFileType = sourcecode.swift; path = Taco.swift; sourceTree = "<group>"; };
		3EAE18541D6B6D47008702BC /* TacoPOPData.csv */ = {isa = PBXFileReference; fileEncoding = 4; lastKnownFileType = text; path = TacoPOPData.csv; sourceTree = "<group>"; };
		3EAE18561D6B6D6B008702BC /* DataService.swift */ = {isa = PBXFileReference; fileEncoding = 4; lastKnownFileType = sourcecode.swift; path = DataService.swift; sourceTree = "<group>"; };
		3EAE185A1D6B702A008702BC /* TacoCell.swift */ = {isa = PBXFileReference; fileEncoding = 4; lastKnownFileType = sourcecode.swift; path = TacoCell.swift; sourceTree = "<group>"; };
		3EAE185B1D6B702A008702BC /* TacoCell.xib */ = {isa = PBXFileReference; fileEncoding = 4; lastKnownFileType = file.xib; path = TacoCell.xib; sourceTree = "<group>"; };
		3EAE185E1D6B7657008702BC /* ReusableView.swift */ = {isa = PBXFileReference; fileEncoding = 4; lastKnownFileType = sourcecode.swift; path = ReusableView.swift; sourceTree = "<group>"; };
/* End PBXFileReference section */

/* Begin PBXFrameworksBuildPhase section */
		3EAE18201D6B641D008702BC /* Frameworks */ = {
			isa = PBXFrameworksBuildPhase;
			buildActionMask = 2147483647;
			files = (
			);
			runOnlyForDeploymentPostprocessing = 0;
		};
		3EAE18341D6B641D008702BC /* Frameworks */ = {
			isa = PBXFrameworksBuildPhase;
			buildActionMask = 2147483647;
			files = (
			);
			runOnlyForDeploymentPostprocessing = 0;
		};
/* End PBXFrameworksBuildPhase section */

/* Begin PBXGroup section */
		3EAE181A1D6B641C008702BC = {
			isa = PBXGroup;
			children = (
				3EAE18251D6B641D008702BC /* TacoPOP */,
				3EAE183A1D6B641D008702BC /* TacoPOPTests */,
				3EAE18241D6B641D008702BC /* Products */,
			);
			sourceTree = "<group>";
		};
		3EAE18241D6B641D008702BC /* Products */ = {
			isa = PBXGroup;
			children = (
				3EAE18231D6B641D008702BC /* TacoPOP.app */,
				3EAE18371D6B641D008702BC /* TacoPOPTests.xctest */,
			);
			name = Products;
			sourceTree = "<group>";
		};
		3EAE18251D6B641D008702BC /* TacoPOP */ = {
			isa = PBXGroup;
			children = (
				3EAE184B1D6B6456008702BC /* Extensions */,
				3EAE184A1D6B6450008702BC /* Protocols */,
				3EAE18481D6B643C008702BC /* Model */,
				3EAE18471D6B6437008702BC /* View */,
				3EAE18461D6B6430008702BC /* Controller */,
				3EAE18491D6B6442008702BC /* Resources */,
			);
			path = TacoPOP;
			sourceTree = "<group>";
		};
		3EAE183A1D6B641D008702BC /* TacoPOPTests */ = {
			isa = PBXGroup;
			children = (
				3EAE183B1D6B641D008702BC /* TacoPOPTests.swift */,
				3EAE183D1D6B641D008702BC /* Info.plist */,
			);
			path = TacoPOPTests;
			sourceTree = "<group>";
		};
		3EAE18461D6B6430008702BC /* Controller */ = {
			isa = PBXGroup;
			children = (
				3EAE18261D6B641D008702BC /* AppDelegate.swift */,
				3EAE184C1D6B64B9008702BC /* MainVC.swift */,
			);
			name = Controller;
			sourceTree = "<group>";
		};
		3EAE18471D6B6437008702BC /* View */ = {
			isa = PBXGroup;
			children = (
				3EAE182A1D6B641D008702BC /* Main.storyboard */,
				3EAE182F1D6B641D008702BC /* LaunchScreen.storyboard */,
				3EAE18501D6B67C4008702BC /* HeaderView.swift */,
				3EAE185A1D6B702A008702BC /* TacoCell.swift */,
				3EAE185B1D6B702A008702BC /* TacoCell.xib */,
			);
			name = View;
			sourceTree = "<group>";
		};
		3EAE18481D6B643C008702BC /* Model */ = {
			isa = PBXGroup;
			children = (
				3EAE18521D6B6962008702BC /* Taco.swift */,
				3EAE18561D6B6D6B008702BC /* DataService.swift */,
			);
			name = Model;
			sourceTree = "<group>";
		};
		3EAE18491D6B6442008702BC /* Resources */ = {
			isa = PBXGroup;
			children = (
				3EAE18541D6B6D47008702BC /* TacoPOPData.csv */,
				3EAE182D1D6B641D008702BC /* Assets.xcassets */,
				3EAE18321D6B641D008702BC /* Info.plist */,
			);
			name = Resources;
			sourceTree = "<group>";
		};
		3EAE184A1D6B6450008702BC /* Protocols */ = {
			isa = PBXGroup;
			children = (
				3EAE184E1D6B6713008702BC /* DropShadow.swift */,
				3EAE185E1D6B7657008702BC /* ReusableView.swift */,
			);
			name = Protocols;
			sourceTree = "<group>";
		};
		3EAE184B1D6B6456008702BC /* Extensions */ = {
			isa = PBXGroup;
			children = (
			);
			name = Extensions;
			sourceTree = "<group>";
		};
/* End PBXGroup section */

/* Begin PBXNativeTarget section */
		3EAE18221D6B641D008702BC /* TacoPOP */ = {
			isa = PBXNativeTarget;
			buildConfigurationList = 3EAE18401D6B641D008702BC /* Build configuration list for PBXNativeTarget "TacoPOP" */;
			buildPhases = (
				3EAE181F1D6B641D008702BC /* Sources */,
				3EAE18201D6B641D008702BC /* Frameworks */,
				3EAE18211D6B641D008702BC /* Resources */,
			);
			buildRules = (
			);
			dependencies = (
			);
			name = TacoPOP;
			productName = TacoPOP;
			productReference = 3EAE18231D6B641D008702BC /* TacoPOP.app */;
			productType = "com.apple.product-type.application";
		};
		3EAE18361D6B641D008702BC /* TacoPOPTests */ = {
			isa = PBXNativeTarget;
			buildConfigurationList = 3EAE18431D6B641D008702BC /* Build configuration list for PBXNativeTarget "TacoPOPTests" */;
			buildPhases = (
				3EAE18331D6B641D008702BC /* Sources */,
				3EAE18341D6B641D008702BC /* Frameworks */,
				3EAE18351D6B641D008702BC /* Resources */,
			);
			buildRules = (
			);
			dependencies = (
				3EAE18391D6B641D008702BC /* PBXTargetDependency */,
			);
			name = TacoPOPTests;
			productName = TacoPOPTests;
			productReference = 3EAE18371D6B641D008702BC /* TacoPOPTests.xctest */;
			productType = "com.apple.product-type.bundle.unit-test";
		};
/* End PBXNativeTarget section */

/* Begin PBXProject section */
		3EAE181B1D6B641C008702BC /* Project object */ = {
			isa = PBXProject;
			attributes = {
				LastSwiftUpdateCheck = 0800;
				LastUpgradeCheck = 0800;
				ORGANIZATIONNAME = "Pavlos Nicolaou";
				TargetAttributes = {
					3EAE18221D6B641D008702BC = {
						CreatedOnToolsVersion = 8.0;
						DevelopmentTeam = WWK47579VD;
						ProvisioningStyle = Automatic;
					};
					3EAE18361D6B641D008702BC = {
						CreatedOnToolsVersion = 8.0;
						DevelopmentTeam = WWK47579VD;
						ProvisioningStyle = Automatic;
						TestTargetID = 3EAE18221D6B641D008702BC;
					};
				};
			};
			buildConfigurationList = 3EAE181E1D6B641C008702BC /* Build configuration list for PBXProject "TacoPOP" */;
			compatibilityVersion = "Xcode 3.2";
			developmentRegion = English;
			hasScannedForEncodings = 0;
			knownRegions = (
				en,
				Base,
			);
			mainGroup = 3EAE181A1D6B641C008702BC;
			productRefGroup = 3EAE18241D6B641D008702BC /* Products */;
			projectDirPath = "";
			projectRoot = "";
			targets = (
				3EAE18221D6B641D008702BC /* TacoPOP */,
				3EAE18361D6B641D008702BC /* TacoPOPTests */,
			);
		};
/* End PBXProject section */

/* Begin PBXResourcesBuildPhase section */
		3EAE18211D6B641D008702BC /* Resources */ = {
			isa = PBXResourcesBuildPhase;
			buildActionMask = 2147483647;
			files = (
				3EAE18311D6B641D008702BC /* LaunchScreen.storyboard in Resources */,
				3EAE18551D6B6D47008702BC /* TacoPOPData.csv in Resources */,
				3EAE182E1D6B641D008702BC /* Assets.xcassets in Resources */,
				3EAE182C1D6B641D008702BC /* Main.storyboard in Resources */,
				3EAE185D1D6B702A008702BC /* TacoCell.xib in Resources */,
			);
			runOnlyForDeploymentPostprocessing = 0;
		};
		3EAE18351D6B641D008702BC /* Resources */ = {
			isa = PBXResourcesBuildPhase;
			buildActionMask = 2147483647;
			files = (
			);
			runOnlyForDeploymentPostprocessing = 0;
		};
/* End PBXResourcesBuildPhase section */

/* Begin PBXSourcesBuildPhase section */
		3EAE181F1D6B641D008702BC /* Sources */ = {
			isa = PBXSourcesBuildPhase;
			buildActionMask = 2147483647;
			files = (
				3EAE185C1D6B702A008702BC /* TacoCell.swift in Sources */,
				3EAE18271D6B641D008702BC /* AppDelegate.swift in Sources */,
				3EAE184F1D6B6713008702BC /* DropShadow.swift in Sources */,
				3EAE185F1D6B7657008702BC /* ReusableView.swift in Sources */,
				3EAE184D1D6B64B9008702BC /* MainVC.swift in Sources */,
				3EAE18571D6B6D6B008702BC /* DataService.swift in Sources */,
				3EAE18531D6B6962008702BC /* Taco.swift in Sources */,
				3EAE18511D6B67C4008702BC /* HeaderView.swift in Sources */,
			);
			runOnlyForDeploymentPostprocessing = 0;
		};
		3EAE18331D6B641D008702BC /* Sources */ = {
			isa = PBXSourcesBuildPhase;
			buildActionMask = 2147483647;
			files = (
				3EAE183C1D6B641D008702BC /* TacoPOPTests.swift in Sources */,
			);
			runOnlyForDeploymentPostprocessing = 0;
		};
/* End PBXSourcesBuildPhase section */

/* Begin PBXTargetDependency section */
		3EAE18391D6B641D008702BC /* PBXTargetDependency */ = {
			isa = PBXTargetDependency;
			target = 3EAE18221D6B641D008702BC /* TacoPOP */;
			targetProxy = 3EAE18381D6B641D008702BC /* PBXContainerItemProxy */;
		};
/* End PBXTargetDependency section */

/* Begin PBXVariantGroup section */
		3EAE182A1D6B641D008702BC /* Main.storyboard */ = {
			isa = PBXVariantGroup;
			children = (
				3EAE182B1D6B641D008702BC /* Base */,
			);
			name = Main.storyboard;
			sourceTree = "<group>";
		};
		3EAE182F1D6B641D008702BC /* LaunchScreen.storyboard */ = {
			isa = PBXVariantGroup;
			children = (
				3EAE18301D6B641D008702BC /* Base */,
			);
			name = LaunchScreen.storyboard;
			sourceTree = "<group>";
		};
/* End PBXVariantGroup section */

/* Begin XCBuildConfiguration section */
		3EAE183E1D6B641D008702BC /* Debug */ = {
			isa = XCBuildConfiguration;
			buildSettings = {
				ALWAYS_SEARCH_USER_PATHS = NO;
				CLANG_ANALYZER_NONNULL = YES;
				CLANG_CXX_LANGUAGE_STANDARD = "gnu++0x";
				CLANG_CXX_LIBRARY = "libc++";
				CLANG_ENABLE_MODULES = YES;
				CLANG_ENABLE_OBJC_ARC = YES;
				CLANG_WARN_BOOL_CONVERSION = YES;
				CLANG_WARN_CONSTANT_CONVERSION = YES;
				CLANG_WARN_DIRECT_OBJC_ISA_USAGE = YES_ERROR;
				CLANG_WARN_DOCUMENTATION_COMMENTS = YES;
				CLANG_WARN_EMPTY_BODY = YES;
				CLANG_WARN_ENUM_CONVERSION = YES;
				CLANG_WARN_INFINITE_RECURSION = YES;
				CLANG_WARN_INT_CONVERSION = YES;
				CLANG_WARN_OBJC_ROOT_CLASS = YES_ERROR;
				CLANG_WARN_SUSPICIOUS_MOVES = YES;
				CLANG_WARN_UNREACHABLE_CODE = YES;
				CLANG_WARN__DUPLICATE_METHOD_MATCH = YES;
				"CODE_SIGN_IDENTITY[sdk=iphoneos*]" = "iPhone Developer";
				COPY_PHASE_STRIP = NO;
				DEBUG_INFORMATION_FORMAT = dwarf;
				ENABLE_STRICT_OBJC_MSGSEND = YES;
				ENABLE_TESTABILITY = YES;
				GCC_C_LANGUAGE_STANDARD = gnu99;
				GCC_DYNAMIC_NO_PIC = NO;
				GCC_NO_COMMON_BLOCKS = YES;
				GCC_OPTIMIZATION_LEVEL = 0;
				GCC_PREPROCESSOR_DEFINITIONS = (
					"DEBUG=1",
					"$(inherited)",
				);
				GCC_WARN_64_TO_32_BIT_CONVERSION = YES;
				GCC_WARN_ABOUT_RETURN_TYPE = YES_ERROR;
				GCC_WARN_UNDECLARED_SELECTOR = YES;
				GCC_WARN_UNINITIALIZED_AUTOS = YES_AGGRESSIVE;
				GCC_WARN_UNUSED_FUNCTION = YES;
				GCC_WARN_UNUSED_VARIABLE = YES;
				IPHONEOS_DEPLOYMENT_TARGET = 10.0;
				MTL_ENABLE_DEBUG_INFO = YES;
				ONLY_ACTIVE_ARCH = YES;
				SDKROOT = iphoneos;
				SWIFT_ACTIVE_COMPILATION_CONDITIONS = DEBUG;
				SWIFT_OPTIMIZATION_LEVEL = "-Onone";
				TARGETED_DEVICE_FAMILY = "1,2";
			};
			name = Debug;
		};
		3EAE183F1D6B641D008702BC /* Release */ = {
			isa = XCBuildConfiguration;
			buildSettings = {
				ALWAYS_SEARCH_USER_PATHS = NO;
				CLANG_ANALYZER_NONNULL = YES;
				CLANG_CXX_LANGUAGE_STANDARD = "gnu++0x";
				CLANG_CXX_LIBRARY = "libc++";
				CLANG_ENABLE_MODULES = YES;
				CLANG_ENABLE_OBJC_ARC = YES;
				CLANG_WARN_BOOL_CONVERSION = YES;
				CLANG_WARN_CONSTANT_CONVERSION = YES;
				CLANG_WARN_DIRECT_OBJC_ISA_USAGE = YES_ERROR;
				CLANG_WARN_DOCUMENTATION_COMMENTS = YES;
				CLANG_WARN_EMPTY_BODY = YES;
				CLANG_WARN_ENUM_CONVERSION = YES;
				CLANG_WARN_INFINITE_RECURSION = YES;
				CLANG_WARN_INT_CONVERSION = YES;
				CLANG_WARN_OBJC_ROOT_CLASS = YES_ERROR;
				CLANG_WARN_SUSPICIOUS_MOVES = YES;
				CLANG_WARN_UNREACHABLE_CODE = YES;
				CLANG_WARN__DUPLICATE_METHOD_MATCH = YES;
				"CODE_SIGN_IDENTITY[sdk=iphoneos*]" = "iPhone Developer";
				COPY_PHASE_STRIP = NO;
				DEBUG_INFORMATION_FORMAT = "dwarf-with-dsym";
				ENABLE_NS_ASSERTIONS = NO;
				ENABLE_STRICT_OBJC_MSGSEND = YES;
				GCC_C_LANGUAGE_STANDARD = gnu99;
				GCC_NO_COMMON_BLOCKS = YES;
				GCC_WARN_64_TO_32_BIT_CONVERSION = YES;
				GCC_WARN_ABOUT_RETURN_TYPE = YES_ERROR;
				GCC_WARN_UNDECLARED_SELECTOR = YES;
				GCC_WARN_UNINITIALIZED_AUTOS = YES_AGGRESSIVE;
				GCC_WARN_UNUSED_FUNCTION = YES;
				GCC_WARN_UNUSED_VARIABLE = YES;
				IPHONEOS_DEPLOYMENT_TARGET = 10.0;
				MTL_ENABLE_DEBUG_INFO = NO;
				SDKROOT = iphoneos;
				SWIFT_OPTIMIZATION_LEVEL = "-Owholemodule";
				TARGETED_DEVICE_FAMILY = "1,2";
				VALIDATE_PRODUCT = YES;
			};
			name = Release;
		};
		3EAE18411D6B641D008702BC /* Debug */ = {
			isa = XCBuildConfiguration;
			buildSettings = {
				ASSETCATALOG_COMPILER_APPICON_NAME = AppIcon;
				DEVELOPMENT_TEAM = WWK47579VD;
				INFOPLIST_FILE = TacoPOP/Info.plist;
				LD_RUNPATH_SEARCH_PATHS = "$(inherited) @executable_path/Frameworks";
				PRODUCT_BUNDLE_IDENTIFIER = com.pavlosnicolaou.TacoPOP;
				PRODUCT_NAME = "$(TARGET_NAME)";
				SWIFT_VERSION = 3.0;
			};
			name = Debug;
		};
		3EAE18421D6B641D008702BC /* Release */ = {
			isa = XCBuildConfiguration;
			buildSettings = {
				ASSETCATALOG_COMPILER_APPICON_NAME = AppIcon;
				DEVELOPMENT_TEAM = WWK47579VD;
				INFOPLIST_FILE = TacoPOP/Info.plist;
				LD_RUNPATH_SEARCH_PATHS = "$(inherited) @executable_path/Frameworks";
				PRODUCT_BUNDLE_IDENTIFIER = com.pavlosnicolaou.TacoPOP;
				PRODUCT_NAME = "$(TARGET_NAME)";
				SWIFT_VERSION = 3.0;
			};
			name = Release;
		};
		3EAE18441D6B641D008702BC /* Debug */ = {
			isa = XCBuildConfiguration;
			buildSettings = {
				ALWAYS_EMBED_SWIFT_STANDARD_LIBRARIES = YES;
				BUNDLE_LOADER = "$(TEST_HOST)";
				DEVELOPMENT_TEAM = WWK47579VD;
				INFOPLIST_FILE = TacoPOPTests/Info.plist;
				LD_RUNPATH_SEARCH_PATHS = "$(inherited) @executable_path/Frameworks @loader_path/Frameworks";
				PRODUCT_BUNDLE_IDENTIFIER = com.pavlosnicolaou.TacoPOPTests;
				PRODUCT_NAME = "$(TARGET_NAME)";
				SWIFT_VERSION = 3.0;
				TEST_HOST = "$(BUILT_PRODUCTS_DIR)/TacoPOP.app/TacoPOP";
			};
			name = Debug;
		};
		3EAE18451D6B641D008702BC /* Release */ = {
			isa = XCBuildConfiguration;
			buildSettings = {
				ALWAYS_EMBED_SWIFT_STANDARD_LIBRARIES = YES;
				BUNDLE_LOADER = "$(TEST_HOST)";
				DEVELOPMENT_TEAM = WWK47579VD;
				INFOPLIST_FILE = TacoPOPTests/Info.plist;
				LD_RUNPATH_SEARCH_PATHS = "$(inherited) @executable_path/Frameworks @loader_path/Frameworks";
				PRODUCT_BUNDLE_IDENTIFIER = com.pavlosnicolaou.TacoPOPTests;
				PRODUCT_NAME = "$(TARGET_NAME)";
				SWIFT_VERSION = 3.0;
				TEST_HOST = "$(BUILT_PRODUCTS_DIR)/TacoPOP.app/TacoPOP";
			};
			name = Release;
		};
/* End XCBuildConfiguration section */

/* Begin XCConfigurationList section */
		3EAE181E1D6B641C008702BC /* Build configuration list for PBXProject "TacoPOP" */ = {
			isa = XCConfigurationList;
			buildConfigurations = (
				3EAE183E1D6B641D008702BC /* Debug */,
				3EAE183F1D6B641D008702BC /* Release */,
			);
			defaultConfigurationIsVisible = 0;
			defaultConfigurationName = Release;
		};
		3EAE18401D6B641D008702BC /* Build configuration list for PBXNativeTarget "TacoPOP" */ = {
			isa = XCConfigurationList;
			buildConfigurations = (
				3EAE18411D6B641D008702BC /* Debug */,
				3EAE18421D6B641D008702BC /* Release */,
			);
			defaultConfigurationIsVisible = 0;
		};
		3EAE18431D6B641D008702BC /* Build configuration list for PBXNativeTarget "TacoPOPTests" */ = {
			isa = XCConfigurationList;
			buildConfigurations = (
				3EAE18441D6B641D008702BC /* Debug */,
				3EAE18451D6B641D008702BC /* Release */,
			);
			defaultConfigurationIsVisible = 0;
		};
/* End XCConfigurationList section */
	};
	rootObject = 3EAE181B1D6B641C008702BC /* Project object */;
}
